{
  "name": "frictionless",
  "version": "0.1.0",
  "lockfileVersion": 2,
  "requires": true,
  "packages": {
    "": {
      "name": "frictionless",
      "version": "0.1.0",
      "workspaces": [
        "packages/*",
        "examples/*"
      ],
      "devDependencies": {
        "@types/node": "18.19.130",
        "typescript": "5.9.3"
      },
      "engines": {
        "node": ">=18"
      }
    },
    "examples/direct-swap-demo": {
      "name": "@frictionless/direct-swap-demo",
      "version": "0.1.0",
      "dependencies": {
        "@frictionless/protocol": "file:../../packages/frictionless-protocol",
        "@frictionless/provider-sdk": "file:../../packages/provider-sdk"
      }
    },
    "node_modules/@frictionless/direct-swap-demo": {
      "resolved": "examples/direct-swap-demo",
      "link": true
    },
    "node_modules/@frictionless/protocol": {
      "resolved": "packages/frictionless-protocol",
      "link": true
    },
    "node_modules/@frictionless/provider-sdk": {
      "resolved": "packages/provider-sdk",
      "link": true
    },
    "node_modules/@types/node": {
      "version": "18.19.130",
      "resolved": "https://registry.npmjs.org/@types/node/-/node-18.19.130.tgz",
      "integrity": "sha512-GRaXQx6jGfL8sKfaIDD6OupbIHBr9jv7Jnaml9tB7l4v068PAOXqfcujMMo5PhbIs6ggR1XODELqahT2R8v0fg==",
      "dev": true,
      "dependencies": {
        "undici-types": "~5.26.4"
      }
    },
    "node_modules/typescript": {
      "version": "5.9.3",
      "resolved": "https://registry.npmjs.org/typescript/-/typescript-5.9.3.tgz",
      "integrity": "sha512-jl1vZzPDinLr9eUt3J/t7V6FgNEw9QjvBPdysz9KfQDD41fQrC2Y4vKQdiaUpFT4bXlb1RHhLpp8wtm6M5TgSw==",
      "dev": true,
      "bin": {
        "tsc": "bin/tsc",
        "tsserver": "bin/tsserver"
      },
      "engines": {
        "node": ">=14.17"
      }
    },
    "node_modules/undici-types": {
      "version": "5.26.5",
      "resolved": "https://registry.npmjs.org/undici-types/-/undici-types-5.26.5.tgz",
      "integrity": "sha512-JlCMO+ehdEIKqlFxk6IfVoAUVmgz7cU7zD/h9XZ0qzeosSHmUJVOzSQvvYSYWXkFXC+IfLKSIffhv0sVZup6pA==",
      "dev": true
    },
    "packages/frictionless-protocol": {
      "name": "@frictionless/protocol",
      "version": "0.1.0"
    },
    "packages/provider-sdk": {
      "name": "@frictionless/provider-sdk",
      "version": "0.1.0",
      "dependencies": {
        "@frictionless/protocol": "file:../frictionless-protocol"
      }
    }
  },
  "dependencies": {
    "@frictionless/direct-swap-demo": {
      "version": "file:examples/direct-swap-demo",
      "requires": {
        "@frictionless/protocol": "file:../../packages/frictionless-protocol",
        "@frictionless/provider-sdk": "file:../../packages/provider-sdk"
      }
    },
    "@frictionless/protocol": {
      "version": "file:packages/frictionless-protocol"
    },
    "@frictionless/provider-sdk": {
      "version": "file:packages/provider-sdk",
      "requires": {
        "@frictionless/protocol": "file:../frictionless-protocol"
      }
    },
    "@types/node": {
      "version": "18.19.130",
      "resolved": "https://registry.npmjs.org/@types/node/-/node-18.19.130.tgz",
      "integrity": "sha512-GRaXQx6jGfL8sKfaIDD6OupbIHBr9jv7Jnaml9tB7l4v068PAOXqfcujMMo5PhbIs6ggR1XODELqahT2R8v0fg==",
      "dev": true,
      "requires": {
        "undici-types": "~5.26.4"
      }
    },
    "typescript": {
      "version": "5.9.3",
      "resolved": "https://registry.npmjs.org/typescript/-/typescript-5.9.3.tgz",
      "integrity": "sha512-jl1vZzPDinLr9eUt3J/t7V6FgNEw9QjvBPdysz9KfQDD41fQrC2Y4vKQdiaUpFT4bXlb1RHhLpp8wtm6M5TgSw==",
      "dev": true
    },
    "undici-types": {
      "version": "5.26.5",
      "resolved": "https://registry.npmjs.org/undici-types/-/undici-types-5.26.5.tgz",
      "integrity": "sha512-JlCMO+ehdEIKqlFxk6IfVoAUVmgz7cU7zD/h9XZ0qzeosSHmUJVOzSQvvYSYWXkFXC+IfLKSIffhv0sVZup6pA==",
      "dev": true
    }
  }
}
